
Microsoft Visual Studio Solution File, Format Version 12.00
# Visual Studio 2012
Project("{8BC9CEB8-8B4A-11D0-8D11-00A0C91BC942}") = "LV_FastMedian", "LV_FastMedian\LV_FastMedian.vcxproj", "{C1F04888-1317-4A5F-9E3B-DFACF208A901}"
EndProject
Project("{8BC9CEB8-8B4A-11D0-8D11-00A0C91BC942}") = "MatrixContainers", "MatrixContainers\MatrixContainers.vcxproj", "{59A5F80C-21F7-4C5E-ABF1-BF61488C2F24}"
EndProject
Project("{8BC9CEB8-8B4A-11D0-8D11-00A0C91BC942}") = "DumpAll", "DumpAll\DumpAll.vcxproj", "{8496C3CC-069F-470D-BE2A-B6159CEA5583}"
EndProject
Project("{8BC9CEB8-8B4A-11D0-8D11-00A0C91BC942}") = "TEST_LV_FastMedian", "TEST_LV_FastMedian\TEST_LV_FastMedian.vcxproj", "{FA27B196-8560-4428-AE5F-9EC4417955F2}"
	ProjectSection(ProjectDependencies) = postProject
		{59A5F80C-21F7-4C5E-ABF1-BF61488C2F24} = {59A5F80C-21F7-4C5E-ABF1-BF61488C2F24}
		{C1F04888-1317-4A5F-9E3B-DFACF208A901} = {C1F04888-1317-4A5F-9E3B-DFACF208A901}
		{8496C3CC-069F-470D-BE2A-B6159CEA5583} = {8496C3CC-069F-470D-BE2A-B6159CEA5583}
	EndProjectSection
EndProject
Project("{8BC9CEB8-8B4A-11D0-8D11-00A0C91BC942}") = "LV_Tiff", "LV_Tiff\LV_Tiff.vcxproj", "{F2A61CFE-A50E-499D-B5BB-981C01523A16}"
EndProject
Project("{8BC9CEB8-8B4A-11D0-8D11-00A0C91BC942}") = "TEST_LV_Tiff", "TEST_LV_Tiff\TEST_LV_Tiff.vcxproj", "{03E663F5-52A3-46C6-A296-B01EBD656253}"
	ProjectSection(ProjectDependencies) = postProject
		{59A5F80C-21F7-4C5E-ABF1-BF61488C2F24} = {59A5F80C-21F7-4C5E-ABF1-BF61488C2F24}
		{8496C3CC-069F-470D-BE2A-B6159CEA5583} = {8496C3CC-069F-470D-BE2A-B6159CEA5583}
		{F2A61CFE-A50E-499D-B5BB-981C01523A16} = {F2A61CFE-A50E-499D-B5BB-981C01523A16}
	EndProjectSection
EndProject
Global
	GlobalSection(SolutionConfigurationPlatforms) = preSolution
		Debug|Win32 = Debug|Win32
		Release|Win32 = Release|Win32
	EndGlobalSection
	GlobalSection(ProjectConfigurationPlatforms) = postSolution
		{C1F04888-1317-4A5F-9E3B-DFACF208A901}.Debug|Win32.ActiveCfg = Debug|Win32
		{C1F04888-1317-4A5F-9E3B-DFACF208A901}.Debug|Win32.Build.0 = Debug|Win32
		{C1F04888-1317-4A5F-9E3B-DFACF208A901}.Release|Win32.ActiveCfg = Release|Win32
		{C1F04888-1317-4A5F-9E3B-DFACF208A901}.Release|Win32.Build.0 = Release|Win32
		{59A5F80C-21F7-4C5E-ABF1-BF61488C2F24}.Debug|Win32.ActiveCfg = Debug|Win32
		{59A5F80C-21F7-4C5E-ABF1-BF61488C2F24}.Debug|Win32.Build.0 = Debug|Win32
		{59A5F80C-21F7-4C5E-ABF1-BF61488C2F24}.Release|Win32.ActiveCfg = Release|Win32
		{59A5F80C-21F7-4C5E-ABF1-BF61488C2F24}.Release|Win32.Build.0 = Release|Win32
		{8496C3CC-069F-470D-BE2A-B6159CEA5583}.Debug|Win32.ActiveCfg = Debug|Win32
		{8496C3CC-069F-470D-BE2A-B6159CEA5583}.Debug|Win32.Build.0 = Debug|Win32
		{8496C3CC-069F-470D-BE2A-B6159CEA5583}.Release|Win32.ActiveCfg = Release|Win32
		{8496C3CC-069F-470D-BE2A-B6159CEA5583}.Release|Win32.Build.0 = Release|Win32
		{FA27B196-8560-4428-AE5F-9EC4417955F2}.Debug|Win32.ActiveCfg = Debug|Win32
		{FA27B196-8560-4428-AE5F-9EC4417955F2}.Debug|Win32.Build.0 = Debug|Win32
		{FA27B196-8560-4428-AE5F-9EC4417955F2}.Release|Win32.ActiveCfg = Release|Win32
		{F2A61CFE-A50E-499D-B5BB-981C01523A16}.Debug|Win32.ActiveCfg = Debug|Win32
		{F2A61CFE-A50E-499D-B5BB-981C01523A16}.Debug|Win32.Build.0 = Debug|Win32
		{F2A61CFE-A50E-499D-B5BB-981C01523A16}.Release|Win32.ActiveCfg = Release|Win32
		{F2A61CFE-A50E-499D-B5BB-981C01523A16}.Release|Win32.Build.0 = Release|Win32
		{03E663F5-52A3-46C6-A296-B01EBD656253}.Debug|Win32.ActiveCfg = Debug|Win32
		{03E663F5-52A3-46C6-A296-B01EBD656253}.Debug|Win32.Build.0 = Debug|Win32
		{03E663F5-52A3-46C6-A296-B01EBD656253}.Release|Win32.ActiveCfg = Release|Win32
	EndGlobalSection
	GlobalSection(SolutionProperties) = preSolution
		HideSolutionNode = FALSE
	EndGlobalSection
EndGlobal
